
Microsoft Visual Studio Solution File, Format Version 12.00
# Visual Studio Version 16
VisualStudioVersion = 16.0.32106.194
MinimumVisualStudioVersion = 10.0.40219.1
Project("{FAE04EC0-301F-11D3-BF4B-00C04F79EFBC}") = "MazeRunner", "MazeRunner\MazeRunner.csproj", "{6672A819-238E-4DB0-A8CA-DB8F81A48018}"
EndProject
Global
	GlobalSection(SolutionConfigurationPlatforms) = preSolution
		Debug|Any CPU = Debug|Any CPU
		Release|Any CPU = Release|Any CPU
	EndGlobalSection
	GlobalSection(ProjectConfigurationPlatforms) = postSolution
		{6672A819-238E-4DB0-A8CA-DB8F81A48018}.Debug|Any CPU.ActiveCfg = Debug|Any CPU
		{6672A819-238E-4DB0-A8CA-DB8F81A48018}.Debug|Any CPU.Build.0 = Debug|Any CPU
		{6672A819-238E-4DB0-A8CA-DB8F81A48018}.Release|Any CPU.ActiveCfg = Release|Any CPU
		{6672A819-238E-4DB0-A8CA-DB8F81A48018}.Release|Any CPU.Build.0 = Release|Any CPU
	EndGlobalSection
	GlobalSection(SolutionProperties) = preSolution
		HideSolutionNode = FALSE
	EndGlobalSection
	GlobalSection(ExtensibilityGlobals) = postSolution
		SolutionGuid = {3022E6B9-80E7-4D41-A953-CFC76627A7B9}
	EndGlobalSection
EndGlobal
